// !$*UTF8*$!
{
	archiveVersion = 1;
	classes = {
	};
	objectVersion = 56;
	objects = {

/* Begin PBXBuildFile section */
		2AC2DA0C2A9597E8001443C8 /* AppDelegate.swift in Sources */ = {isa = PBXBuildFile; fileRef = 2AC2DA0B2A9597E8001443C8 /* AppDelegate.swift */; };
		2AC2DA0E2A9597E8001443C8 /* SceneDelegate.swift in Sources */ = {isa = PBXBuildFile; fileRef = 2AC2DA0D2A9597E8001443C8 /* SceneDelegate.swift */; };
		2AC2DA102A9597E8001443C8 /* ViewController.swift in Sources */ = {isa = PBXBuildFile; fileRef = 2AC2DA0F2A9597E8001443C8 /* ViewController.swift */; };
		2AC2DA132A9597E8001443C8 /* Main.storyboard in Resources */ = {isa = PBXBuildFile; fileRef = 2AC2DA112A9597E8001443C8 /* Main.storyboard */; };
		2AC2DA152A9597E9001443C8 /* Assets.xcassets in Resources */ = {isa = PBXBuildFile; fileRef = 2AC2DA142A9597E9001443C8 /* Assets.xcassets */; };
		2AC2DA182A9597E9001443C8 /* LaunchScreen.storyboard in Resources */ = {isa = PBXBuildFile; fileRef = 2AC2DA162A9597E9001443C8 /* LaunchScreen.storyboard */; };
		2AC2DA232A9597E9001443C8 /* MVVMTests.swift in Sources */ = {isa = PBXBuildFile; fileRef = 2AC2DA222A9597E9001443C8 /* MVVMTests.swift */; };
		2AC2DA2D2A9597E9001443C8 /* MVVMUITests.swift in Sources */ = {isa = PBXBuildFile; fileRef = 2AC2DA2C2A9597E9001443C8 /* MVVMUITests.swift */; };
		2AC2DA2F2A9597E9001443C8 /* MVVMUITestsLaunchTests.swift in Sources */ = {isa = PBXBuildFile; fileRef = 2AC2DA2E2A9597E9001443C8 /* MVVMUITestsLaunchTests.swift */; };
/* End PBXBuildFile section */

/* Begin PBXContainerItemProxy section */
		2AC2DA1F2A9597E9001443C8 /* PBXContainerItemProxy */ = {
			isa = PBXContainerItemProxy;
			containerPortal = 2AC2DA002A9597E8001443C8 /* Project object */;
			proxyType = 1;
			remoteGlobalIDString = 2AC2DA072A9597E8001443C8;
			remoteInfo = MVVM;
		};
		2AC2DA292A9597E9001443C8 /* PBXContainerItemProxy */ = {
			isa = PBXContainerItemProxy;
			containerPortal = 2AC2DA002A9597E8001443C8 /* Project object */;
			proxyType = 1;
			remoteGlobalIDString = 2AC2DA072A9597E8001443C8;
			remoteInfo = MVVM;
		};
/* End PBXContainerItemProxy section */

/* Begin PBXFileReference section */
		2AC2DA082A9597E8001443C8 /* MVVM.app */ = {isa = PBXFileReference; explicitFileType = wrapper.application; includeInIndex = 0; path = MVVM.app; sourceTree = BUILT_PRODUCTS_DIR; };
		2AC2DA0B2A9597E8001443C8 /* AppDelegate.swift */ = {isa = PBXFileReference; lastKnownFileType = sourcecode.swift; path = AppDelegate.swift; sourceTree = "<group>"; };
		2AC2DA0D2A9597E8001443C8 /* SceneDelegate.swift */ = {isa = PBXFileReference; lastKnownFileType = sourcecode.swift; path = SceneDelegate.swift; sourceTree = "<group>"; };
		2AC2DA0F2A9597E8001443C8 /* ViewController.swift */ = {isa = PBXFileReference; lastKnownFileType = sourcecode.swift; path = ViewController.swift; sourceTree = "<group>"; };
		2AC2DA122A9597E8001443C8 /* Base */ = {isa = PBXFileReference; lastKnownFileType = file.storyboard; name = Base; path = Base.lproj/Main.storyboard; sourceTree = "<group>"; };
		2AC2DA142A9597E9001443C8 /* Assets.xcassets */ = {isa = PBXFileReference; lastKnownFileType = folder.assetcatalog; path = Assets.xcassets; sourceTree = "<group>"; };
		2AC2DA172A9597E9001443C8 /* Base */ = {isa = PBXFileReference; lastKnownFileType = file.storyboard; name = Base; path = Base.lproj/LaunchScreen.storyboard; sourceTree = "<group>"; };
		2AC2DA192A9597E9001443C8 /* Info.plist */ = {isa = PBXFileReference; lastKnownFileType = text.plist.xml; path = Info.plist; sourceTree = "<group>"; };
		2AC2DA1E2A9597E9001443C8 /* MVVMTests.xctest */ = {isa = PBXFileReference; explicitFileType = wrapper.cfbundle; includeInIndex = 0; path = MVVMTests.xctest; sourceTree = BUILT_PRODUCTS_DIR; };
		2AC2DA222A9597E9001443C8 /* MVVMTests.swift */ = {isa = PBXFileReference; lastKnownFileType = sourcecode.swift; path = MVVMTests.swift; sourceTree = "<group>"; };
		2AC2DA282A9597E9001443C8 /* MVVMUITests.xctest */ = {isa = PBXFileReference; explicitFileType = wrapper.cfbundle; includeInIndex = 0; path = MVVMUITests.xctest; sourceTree = BUILT_PRODUCTS_DIR; };
		2AC2DA2C2A9597E9001443C8 /* MVVMUITests.swift */ = {isa = PBXFileReference; lastKnownFileType = sourcecode.swift; path = MVVMUITests.swift; sourceTree = "<group>"; };
		2AC2DA2E2A9597E9001443C8 /* MVVMUITestsLaunchTests.swift */ = {isa = PBXFileReference; lastKnownFileType = sourcecode.swift; path = MVVMUITestsLaunchTests.swift; sourceTree = "<group>"; };
/* End PBXFileReference section */

/* Begin PBXFrameworksBuildPhase section */
		2AC2DA052A9597E8001443C8 /* Frameworks */ = {
			isa = PBXFrameworksBuildPhase;
			buildActionMask = 2147483647;
			files = (
			);
			runOnlyForDeploymentPostprocessing = 0;
		};
		2AC2DA1B2A9597E9001443C8 /* Frameworks */ = {
			isa = PBXFrameworksBuildPhase;
			buildActionMask = 2147483647;
			files = (
			);
			runOnlyForDeploymentPostprocessing = 0;
		};
		2AC2DA252A9597E9001443C8 /* Frameworks */ = {
			isa = PBXFrameworksBuildPhase;
			buildActionMask = 2147483647;
			files = (
			);
			runOnlyForDeploymentPostprocessing = 0;
		};
/* End PBXFrameworksBuildPhase section */

/* Begin PBXGroup section */
		2AC2D9FF2A9597E8001443C8 = {
			isa = PBXGroup;
			children = (
				2AC2DA0A2A9597E8001443C8 /* MVVM */,
				2AC2DA212A9597E9001443C8 /* MVVMTests */,
				2AC2DA2B2A9597E9001443C8 /* MVVMUITests */,
				2AC2DA092A9597E8001443C8 /* Products */,
			);
			sourceTree = "<group>";
		};
		2AC2DA092A9597E8001443C8 /* Products */ = {
			isa = PBXGroup;
			children = (
				2AC2DA082A9597E8001443C8 /* MVVM.app */,
				2AC2DA1E2A9597E9001443C8 /* MVVMTests.xctest */,
				2AC2DA282A9597E9001443C8 /* MVVMUITests.xctest */,
			);
			name = Products;
			sourceTree = "<group>";
		};
		2AC2DA0A2A9597E8001443C8 /* MVVM */ = {
			isa = PBXGroup;
			children = (
				2AC2DA0B2A9597E8001443C8 /* AppDelegate.swift */,
				2AC2DA0D2A9597E8001443C8 /* SceneDelegate.swift */,
				2AC2DA0F2A9597E8001443C8 /* ViewController.swift */,
				2AC2DA112A9597E8001443C8 /* Main.storyboard */,
				2AC2DA142A9597E9001443C8 /* Assets.xcassets */,
				2AC2DA162A9597E9001443C8 /* LaunchScreen.storyboard */,
				2AC2DA192A9597E9001443C8 /* Info.plist */,
			);
			path = MVVM;
			sourceTree = "<group>";
		};
		2AC2DA212A9597E9001443C8 /* MVVMTests */ = {
			isa = PBXGroup;
			children = (
				2AC2DA222A9597E9001443C8 /* MVVMTests.swift */,
			);
			path = MVVMTests;
			sourceTree = "<group>";
		};
		2AC2DA2B2A9597E9001443C8 /* MVVMUITests */ = {
			isa = PBXGroup;
			children = (
				2AC2DA2C2A9597E9001443C8 /* MVVMUITests.swift */,
				2AC2DA2E2A9597E9001443C8 /* MVVMUITestsLaunchTests.swift */,
			);
			path = MVVMUITests;
			sourceTree = "<group>";
		};
/* End PBXGroup section */

/* Begin PBXNativeTarget section */
		2AC2DA072A9597E8001443C8 /* MVVM */ = {
			isa = PBXNativeTarget;
			buildConfigurationList = 2AC2DA322A9597E9001443C8 /* Build configuration list for PBXNativeTarget "MVVM" */;
			buildPhases = (
				2AC2DA042A9597E8001443C8 /* Sources */,
				2AC2DA052A9597E8001443C8 /* Frameworks */,
				2AC2DA062A9597E8001443C8 /* Resources */,
			);
			buildRules = (
			);
			dependencies = (
			);
			name = MVVM;
			productName = MVVM;
			productReference = 2AC2DA082A9597E8001443C8 /* MVVM.app */;
			productType = "com.apple.product-type.application";
		};
		2AC2DA1D2A9597E9001443C8 /* MVVMTests */ = {
			isa = PBXNativeTarget;
			buildConfigurationList = 2AC2DA352A9597E9001443C8 /* Build configuration list for PBXNativeTarget "MVVMTests" */;
			buildPhases = (
				2AC2DA1A2A9597E9001443C8 /* Sources */,
				2AC2DA1B2A9597E9001443C8 /* Frameworks */,
				2AC2DA1C2A9597E9001443C8 /* Resources */,
			);
			buildRules = (
			);
			dependencies = (
				2AC2DA202A9597E9001443C8 /* PBXTargetDependency */,
			);
			name = MVVMTests;
			productName = MVVMTests;
			productReference = 2AC2DA1E2A9597E9001443C8 /* MVVMTests.xctest */;
			productType = "com.apple.product-type.bundle.unit-test";
		};
		2AC2DA272A9597E9001443C8 /* MVVMUITests */ = {
			isa = PBXNativeTarget;
			buildConfigurationList = 2AC2DA382A9597E9001443C8 /* Build configuration list for PBXNativeTarget "MVVMUITests" */;
			buildPhases = (
				2AC2DA242A9597E9001443C8 /* Sources */,
				2AC2DA252A9597E9001443C8 /* Frameworks */,
				2AC2DA262A9597E9001443C8 /* Resources */,
			);
			buildRules = (
			);
			dependencies = (
				2AC2DA2A2A9597E9001443C8 /* PBXTargetDependency */,
			);
			name = MVVMUITests;
			productName = MVVMUITests;
			productReference = 2AC2DA282A9597E9001443C8 /* MVVMUITests.xctest */;
			productType = "com.apple.product-type.bundle.ui-testing";
		};
/* End PBXNativeTarget section */

/* Begin PBXProject section */
		2AC2DA002A9597E8001443C8 /* Project object */ = {
			isa = PBXProject;
			attributes = {
				BuildIndependentTargetsInParallel = 1;
				LastSwiftUpdateCheck = 1430;
				LastUpgradeCheck = 1430;
				TargetAttributes = {
					2AC2DA072A9597E8001443C8 = {
						CreatedOnToolsVersion = 14.3.1;
					};
					2AC2DA1D2A9597E9001443C8 = {
						CreatedOnToolsVersion = 14.3.1;
						TestTargetID = 2AC2DA072A9597E8001443C8;
					};
					2AC2DA272A9597E9001443C8 = {
						CreatedOnToolsVersion = 14.3.1;
						TestTargetID = 2AC2DA072A9597E8001443C8;
					};
				};
			};
			buildConfigurationList = 2AC2DA032A9597E8001443C8 /* Build configuration list for PBXProject "MVVM" */;
			compatibilityVersion = "Xcode 14.0";
			developmentRegion = en;
			hasScannedForEncodings = 0;
			knownRegions = (
				en,
				Base,
			);
			mainGroup = 2AC2D9FF2A9597E8001443C8;
			productRefGroup = 2AC2DA092A9597E8001443C8 /* Products */;
			projectDirPath = "";
			projectRoot = "";
			targets = (
				2AC2DA072A9597E8001443C8 /* MVVM */,
				2AC2DA1D2A9597E9001443C8 /* MVVMTests */,
				2AC2DA272A9597E9001443C8 /* MVVMUITests */,
			);
		};
/* End PBXProject section */

/* Begin PBXResourcesBuildPhase section */
		2AC2DA062A9597E8001443C8 /* Resources */ = {
			isa = PBXResourcesBuildPhase;
			buildActionMask = 2147483647;
			files = (
				2AC2DA182A9597E9001443C8 /* LaunchScreen.storyboard in Resources */,
				2AC2DA152A9597E9001443C8 /* Assets.xcassets in Resources */,
				2AC2DA132A9597E8001443C8 /* Main.storyboard in Resources */,
			);
			runOnlyForDeploymentPostprocessing = 0;
		};
		2AC2DA1C2A9597E9001443C8 /* Resources */ = {
			isa = PBXResourcesBuildPhase;
			buildActionMask = 2147483647;
			files = (
			);
			runOnlyForDeploymentPostprocessing = 0;
		};
		2AC2DA262A9597E9001443C8 /* Resources */ = {
			isa = PBXResourcesBuildPhase;
			buildActionMask = 2147483647;
			files = (
			);
			runOnlyForDeploymentPostprocessing = 0;
		};
/* End PBXResourcesBuildPhase section */

/* Begin PBXSourcesBuildPhase section */
		2AC2DA042A9597E8001443C8 /* Sources */ = {
			isa = PBXSourcesBuildPhase;
			buildActionMask = 2147483647;
			files = (
				2AC2DA102A9597E8001443C8 /* ViewController.swift in Sources */,
				2AC2DA0C2A9597E8001443C8 /* AppDelegate.swift in Sources */,
				2AC2DA0E2A9597E8001443C8 /* SceneDelegate.swift in Sources */,
			);
			runOnlyForDeploymentPostprocessing = 0;
		};
		2AC2DA1A2A9597E9001443C8 /* Sources */ = {
			isa = PBXSourcesBuildPhase;
			buildActionMask = 2147483647;
			files = (
				2AC2DA232A9597E9001443C8 /* MVVMTests.swift in Sources */,
			);
			runOnlyForDeploymentPostprocessing = 0;
		};
		2AC2DA242A9597E9001443C8 /* Sources */ = {
			isa = PBXSourcesBuildPhase;
			buildActionMask = 2147483647;
			files = (
				2AC2DA2F2A9597E9001443C8 /* MVVMUITestsLaunchTests.swift in Sources */,
				2AC2DA2D2A9597E9001443C8 /* MVVMUITests.swift in Sources */,
			);
			runOnlyForDeploymentPostprocessing = 0;
		};
/* End PBXSourcesBuildPhase section */

/* Begin PBXTargetDependency section */
		2AC2DA202A9597E9001443C8 /* PBXTargetDependency */ = {
			isa = PBXTargetDependency;
			target = 2AC2DA072A9597E8001443C8 /* MVVM */;
			targetProxy = 2AC2DA1F2A9597E9001443C8 /* PBXContainerItemProxy */;
		};
		2AC2DA2A2A9597E9001443C8 /* PBXTargetDependency */ = {
			isa = PBXTargetDependency;
			target = 2AC2DA072A9597E8001443C8 /* MVVM */;
			targetProxy = 2AC2DA292A9597E9001443C8 /* PBXContainerItemProxy */;
		};
/* End PBXTargetDependency section */

/* Begin PBXVariantGroup section */
		2AC2DA112A9597E8001443C8 /* Main.storyboard */ = {
			isa = PBXVariantGroup;
			children = (
				2AC2DA122A9597E8001443C8 /* Base */,
			);
			name = Main.storyboard;
			sourceTree = "<group>";
		};
		2AC2DA162A9597E9001443C8 /* LaunchScreen.storyboard */ = {
			isa = PBXVariantGroup;
			children = (
				2AC2DA172A9597E9001443C8 /* Base */,
			);
			name = LaunchScreen.storyboard;
			sourceTree = "<group>";
		};
/* End PBXVariantGroup section */

/* Begin XCBuildConfiguration section */
		2AC2DA302A9597E9001443C8 /* Debug */ = {
			isa = XCBuildConfiguration;
			buildSettings = {
				ALWAYS_SEARCH_USER_PATHS = NO;
				CLANG_ANALYZER_NONNULL = YES;
				CLANG_ANALYZER_NUMBER_OBJECT_CONVERSION = YES_AGGRESSIVE;
				CLANG_CXX_LANGUAGE_STANDARD = "gnu++20";
				CLANG_ENABLE_MODULES = YES;
				CLANG_ENABLE_OBJC_ARC = YES;
				CLANG_ENABLE_OBJC_WEAK = YES;
				CLANG_WARN_BLOCK_CAPTURE_AUTORELEASING = YES;
				CLANG_WARN_BOOL_CONVERSION = YES;
				CLANG_WARN_COMMA = YES;
				CLANG_WARN_CONSTANT_CONVERSION = YES;
				CLANG_WARN_DEPRECATED_OBJC_IMPLEMENTATIONS = YES;
				CLANG_WARN_DIRECT_OBJC_ISA_USAGE = YES_ERROR;
				CLANG_WARN_DOCUMENTATION_COMMENTS = YES;
				CLANG_WARN_EMPTY_BODY = YES;
				CLANG_WARN_ENUM_CONVERSION = YES;
				CLANG_WARN_INFINITE_RECURSION = YES;
				CLANG_WARN_INT_CONVERSION = YES;
				CLANG_WARN_NON_LITERAL_NULL_CONVERSION = YES;
				CLANG_WARN_OBJC_IMPLICIT_RETAIN_SELF = YES;
				CLANG_WARN_OBJC_LITERAL_CONVERSION = YES;
				CLANG_WARN_OBJC_ROOT_CLASS = YES_ERROR;
				CLANG_WARN_QUOTED_INCLUDE_IN_FRAMEWORK_HEADER = YES;
				CLANG_WARN_RANGE_LOOP_ANALYSIS = YES;
				CLANG_WARN_STRICT_PROTOTYPES = YES;
				CLANG_WARN_SUSPICIOUS_MOVE = YES;
				CLANG_WARN_UNGUARDED_AVAILABILITY = YES_AGGRESSIVE;
				CLANG_WARN_UNREACHABLE_CODE = YES;
				CLANG_WARN__DUPLICATE_METHOD_MATCH = YES;
				COPY_PHASE_STRIP = NO;
				DEBUG_INFORMATION_FORMAT = dwarf;
				ENABLE_STRICT_OBJC_MSGSEND = YES;
				ENABLE_TESTABILITY = YES;
				GCC_C_LANGUAGE_STANDARD = gnu11;
				GCC_DYNAMIC_NO_PIC = NO;
				GCC_NO_COMMON_BLOCKS = YES;
				GCC_OPTIMIZATION_LEVEL = 0;
				GCC_PREPROCESSOR_DEFINITIONS = (
					"DEBUG=1",
					"$(inherited)",
				);
				GCC_WARN_64_TO_32_BIT_CONVERSION = YES;
				GCC_WARN_ABOUT_RETURN_TYPE = YES_ERROR;
				GCC_WARN_UNDECLARED_SELECTOR = YES;
				GCC_WARN_UNINITIALIZED_AUTOS = YES_AGGRESSIVE;
				GCC_WARN_UNUSED_FUNCTION = YES;
				GCC_WARN_UNUSED_VARIABLE = YES;
				IPHONEOS_DEPLOYMENT_TARGET = 16.4;
				MTL_ENABLE_DEBUG_INFO = INCLUDE_SOURCE;
				MTL_FAST_MATH = YES;
				ONLY_ACTIVE_ARCH = YES;
				SDKROOT = iphoneos;
				SWIFT_ACTIVE_COMPILATION_CONDITIONS = DEBUG;
				SWIFT_OPTIMIZATION_LEVEL = "-Onone";
			};
			name = Debug;
		};
		2AC2DA312A9597E9001443C8 /* Release */ = {
			isa = XCBuildConfiguration;
			buildSettings = {
				ALWAYS_SEARCH_USER_PATHS = NO;
				CLANG_ANALYZER_NONNULL = YES;
				CLANG_ANALYZER_NUMBER_OBJECT_CONVERSION = YES_AGGRESSIVE;
				CLANG_CXX_LANGUAGE_STANDARD = "gnu++20";
				CLANG_ENABLE_MODULES = YES;
				CLANG_ENABLE_OBJC_ARC = YES;
				CLANG_ENABLE_OBJC_WEAK = YES;
				CLANG_WARN_BLOCK_CAPTURE_AUTORELEASING = YES;
				CLANG_WARN_BOOL_CONVERSION = YES;
				CLANG_WARN_COMMA = YES;
				CLANG_WARN_CONSTANT_CONVERSION = YES;
				CLANG_WARN_DEPRECATED_OBJC_IMPLEMENTATIONS = YES;
				CLANG_WARN_DIRECT_OBJC_ISA_USAGE = YES_ERROR;
				CLANG_WARN_DOCUMENTATION_COMMENTS = YES;
				CLANG_WARN_EMPTY_BODY = YES;
				CLANG_WARN_ENUM_CONVERSION = YES;
				CLANG_WARN_INFINITE_RECURSION = YES;
				CLANG_WARN_INT_CONVERSION = YES;
				CLANG_WARN_NON_LITERAL_NULL_CONVERSION = YES;
				CLANG_WARN_OBJC_IMPLICIT_RETAIN_SELF = YES;
				CLANG_WARN_OBJC_LITERAL_CONVERSION = YES;
				CLANG_WARN_OBJC_ROOT_CLASS = YES_ERROR;
				CLANG_WARN_QUOTED_INCLUDE_IN_FRAMEWORK_HEADER = YES;
				CLANG_WARN_RANGE_LOOP_ANALYSIS = YES;
				CLANG_WARN_STRICT_PROTOTYPES = YES;
				CLANG_WARN_SUSPICIOUS_MOVE = YES;
				CLANG_WARN_UNGUARDED_AVAILABILITY = YES_AGGRESSIVE;
				CLANG_WARN_UNREACHABLE_CODE = YES;
				CLANG_WARN__DUPLICATE_METHOD_MATCH = YES;
				COPY_PHASE_STRIP = NO;
				DEBUG_INFORMATION_FORMAT = "dwarf-with-dsym";
				ENABLE_NS_ASSERTIONS = NO;
				ENABLE_STRICT_OBJC_MSGSEND = YES;
				GCC_C_LANGUAGE_STANDARD = gnu11;
				GCC_NO_COMMON_BLOCKS = YES;
				GCC_WARN_64_TO_32_BIT_CONVERSION = YES;
				GCC_WARN_ABOUT_RETURN_TYPE = YES_ERROR;
				GCC_WARN_UNDECLARED_SELECTOR = YES;
				GCC_WARN_UNINITIALIZED_AUTOS = YES_AGGRESSIVE;
				GCC_WARN_UNUSED_FUNCTION = YES;
				GCC_WARN_UNUSED_VARIABLE = YES;
				IPHONEOS_DEPLOYMENT_TARGET = 16.4;
				MTL_ENABLE_DEBUG_INFO = NO;
				MTL_FAST_MATH = YES;
				SDKROOT = iphoneos;
				SWIFT_COMPILATION_MODE = wholemodule;
				SWIFT_OPTIMIZATION_LEVEL = "-O";
				VALIDATE_PRODUCT = YES;
			};
			name = Release;
		};
		2AC2DA332A9597E9001443C8 /* Debug */ = {
			isa = XCBuildConfiguration;
			buildSettings = {
				ASSETCATALOG_COMPILER_APPICON_NAME = AppIcon;
				ASSETCATALOG_COMPILER_GLOBAL_ACCENT_COLOR_NAME = AccentColor;
				CODE_SIGN_STYLE = Automatic;
				CURRENT_PROJECT_VERSION = 1;
				DEVELOPMENT_TEAM = 98LCVSKDA3;
				GENERATE_INFOPLIST_FILE = YES;
				INFOPLIST_FILE = MVVM/Info.plist;
				INFOPLIST_KEY_UIApplicationSupportsIndirectInputEvents = YES;
				INFOPLIST_KEY_UILaunchStoryboardName = LaunchScreen;
				INFOPLIST_KEY_UIMainStoryboardFile = Main;
				INFOPLIST_KEY_UISupportedInterfaceOrientations_iPad = "UIInterfaceOrientationPortrait UIInterfaceOrientationPortraitUpsideDown UIInterfaceOrientationLandscapeLeft UIInterfaceOrientationLandscapeRight";
				INFOPLIST_KEY_UISupportedInterfaceOrientations_iPhone = "UIInterfaceOrientationPortrait UIInterfaceOrientationLandscapeLeft UIInterfaceOrientationLandscapeRight";
				LD_RUNPATH_SEARCH_PATHS = (
					"$(inherited)",
					"@executable_path/Frameworks",
				);
				MARKETING_VERSION = 1.0;
				PRODUCT_BUNDLE_IDENTIFIER = kaidang99.MVVM;
				PRODUCT_NAME = "$(TARGET_NAME)";
				SWIFT_EMIT_LOC_STRINGS = YES;
				SWIFT_VERSION = 5.0;
				TARGETED_DEVICE_FAMILY = "1,2";
			};
			name = Debug;
		};
		2AC2DA342A9597E9001443C8 /* Release */ = {
			isa = XCBuildConfiguration;
			buildSettings = {
				ASSETCATALOG_COMPILER_APPICON_NAME = AppIcon;
				ASSETCATALOG_COMPILER_GLOBAL_ACCENT_COLOR_NAME = AccentColor;
				CODE_SIGN_STYLE = Automatic;
				CURRENT_PROJECT_VERSION = 1;
				DEVELOPMENT_TEAM = 98LCVSKDA3;
				GENERATE_INFOPLIST_FILE = YES;
				INFOPLIST_FILE = MVVM/Info.plist;
				INFOPLIST_KEY_UIApplicationSupportsIndirectInputEvents = YES;
				INFOPLIST_KEY_UILaunchStoryboardName = LaunchScreen;
				INFOPLIST_KEY_UIMainStoryboardFile = Main;
				INFOPLIST_KEY_UISupportedInterfaceOrientations_iPad = "UIInterfaceOrientationPortrait UIInterfaceOrientationPortraitUpsideDown UIInterfaceOrientationLandscapeLeft UIInterfaceOrientationLandscapeRight";
				INFOPLIST_KEY_UISupportedInterfaceOrientations_iPhone = "UIInterfaceOrientationPortrait UIInterfaceOrientationLandscapeLeft UIInterfaceOrientationLandscapeRight";
				LD_RUNPATH_SEARCH_PATHS = (
					"$(inherited)",
					"@executable_path/Frameworks",
				);
				MARKETING_VERSION = 1.0;
				PRODUCT_BUNDLE_IDENTIFIER = kaidang99.MVVM;
				PRODUCT_NAME = "$(TARGET_NAME)";
				SWIFT_EMIT_LOC_STRINGS = YES;
				SWIFT_VERSION = 5.0;
				TARGETED_DEVICE_FAMILY = "1,2";
			};
			name = Release;
		};
		2AC2DA362A9597E9001443C8 /* Debug */ = {
			isa = XCBuildConfiguration;
			buildSettings = {
				ALWAYS_EMBED_SWIFT_STANDARD_LIBRARIES = YES;
				BUNDLE_LOADER = "$(TEST_HOST)";
				CODE_SIGN_STYLE = Automatic;
				CURRENT_PROJECT_VERSION = 1;
				DEVELOPMENT_TEAM = 98LCVSKDA3;
				GENERATE_INFOPLIST_FILE = YES;
				IPHONEOS_DEPLOYMENT_TARGET = 16.4;
				MARKETING_VERSION = 1.0;
				PRODUCT_BUNDLE_IDENTIFIER = kaidang99.MVVMTests;
				PRODUCT_NAME = "$(TARGET_NAME)";
				SWIFT_EMIT_LOC_STRINGS = NO;
				SWIFT_VERSION = 5.0;
				TARGETED_DEVICE_FAMILY = "1,2";
				TEST_HOST = "$(BUILT_PRODUCTS_DIR)/MVVM.app/$(BUNDLE_EXECUTABLE_FOLDER_PATH)/MVVM";
			};
			name = Debug;
		};
		2AC2DA372A9597E9001443C8 /* Release */ = {
			isa = XCBuildConfiguration;
			buildSettings = {
				ALWAYS_EMBED_SWIFT_STANDARD_LIBRARIES = YES;
				BUNDLE_LOADER = "$(TEST_HOST)";
				CODE_SIGN_STYLE = Automatic;
				CURRENT_PROJECT_VERSION = 1;
				DEVELOPMENT_TEAM = 98LCVSKDA3;
				GENERATE_INFOPLIST_FILE = YES;
				IPHONEOS_DEPLOYMENT_TARGET = 16.4;
				MARKETING_VERSION = 1.0;
				PRODUCT_BUNDLE_IDENTIFIER = kaidang99.MVVMTests;
				PRODUCT_NAME = "$(TARGET_NAME)";
				SWIFT_EMIT_LOC_STRINGS = NO;
				SWIFT_VERSION = 5.0;
				TARGETED_DEVICE_FAMILY = "1,2";
				TEST_HOST = "$(BUILT_PRODUCTS_DIR)/MVVM.app/$(BUNDLE_EXECUTABLE_FOLDER_PATH)/MVVM";
			};
			name = Release;
		};
		2AC2DA392A9597E9001443C8 /* Debug */ = {
			isa = XCBuildConfiguration;
			buildSettings = {
				ALWAYS_EMBED_SWIFT_STANDARD_LIBRARIES = YES;
				CODE_SIGN_STYLE = Automatic;
				CURRENT_PROJECT_VERSION = 1;
				DEVELOPMENT_TEAM = 98LCVSKDA3;
				GENERATE_INFOPLIST_FILE = YES;
				MARKETING_VERSION = 1.0;
				PRODUCT_BUNDLE_IDENTIFIER = kaidang99.MVVMUITests;
				PRODUCT_NAME = "$(TARGET_NAME)";
				SWIFT_EMIT_LOC_STRINGS = NO;
				SWIFT_VERSION = 5.0;
				TARGETED_DEVICE_FAMILY = "1,2";
				TEST_TARGET_NAME = MVVM;
			};
			name = Debug;
		};
		2AC2DA3A2A9597E9001443C8 /* Release */ = {
			isa = XCBuildConfiguration;
			buildSettings = {
				ALWAYS_EMBED_SWIFT_STANDARD_LIBRARIES = YES;
				CODE_SIGN_STYLE = Automatic;
				CURRENT_PROJECT_VERSION = 1;
				DEVELOPMENT_TEAM = 98LCVSKDA3;
				GENERATE_INFOPLIST_FILE = YES;
				MARKETING_VERSION = 1.0;
				PRODUCT_BUNDLE_IDENTIFIER = kaidang99.MVVMUITests;
				PRODUCT_NAME = "$(TARGET_NAME)";
				SWIFT_EMIT_LOC_STRINGS = NO;
				SWIFT_VERSION = 5.0;
				TARGETED_DEVICE_FAMILY = "1,2";
				TEST_TARGET_NAME = MVVM;
			};
			name = Release;
		};
/* End XCBuildConfiguration section */

/* Begin XCConfigurationList section */
		2AC2DA032A9597E8001443C8 /* Build configuration list for PBXProject "MVVM" */ = {
			isa = XCConfigurationList;
			buildConfigurations = (
				2AC2DA302A9597E9001443C8 /* Debug */,
				2AC2DA312A9597E9001443C8 /* Release */,
			);
			defaultConfigurationIsVisible = 0;
			defaultConfigurationName = Release;
		};
		2AC2DA322A9597E9001443C8 /* Build configuration list for PBXNativeTarget "MVVM" */ = {
			isa = XCConfigurationList;
			buildConfigurations = (
				2AC2DA332A9597E9001443C8 /* Debug */,
				2AC2DA342A9597E9001443C8 /* Release */,
			);
			defaultConfigurationIsVisible = 0;
			defaultConfigurationName = Release;
		};
		2AC2DA352A9597E9001443C8 /* Build configuration list for PBXNativeTarget "MVVMTests" */ = {
			isa = XCConfigurationList;
			buildConfigurations = (
				2AC2DA362A9597E9001443C8 /* Debug */,
				2AC2DA372A9597E9001443C8 /* Release */,
			);
			defaultConfigurationIsVisible = 0;
			defaultConfigurationName = Release;
		};
		2AC2DA382A9597E9001443C8 /* Build configuration list for PBXNativeTarget "MVVMUITests" */ = {
			isa = XCConfigurationList;
			buildConfigurations = (
				2AC2DA392A9597E9001443C8 /* Debug */,
				2AC2DA3A2A9597E9001443C8 /* Release */,
			);
			defaultConfigurationIsVisible = 0;
			defaultConfigurationName = Release;
		};
/* End XCConfigurationList section */
	};
	rootObject = 2AC2DA002A9597E8001443C8 /* Project object */;
}
